// !$*UTF8*$!
{
	archiveVersion = 1;
	classes = {};
	objectVersion = 56;
	objects = {

/* Begin PBXBuildFile section */
		A10000000000000000000011 /* PDFUNKApp.swift in Sources */ = {isa = PBXBuildFile; fileRef = A10000000000000000000001 /* PDFUNKApp.swift */; };
		A10000000000000000000012 /* ContentView.swift in Sources */ = {isa = PBXBuildFile; fileRef = A10000000000000000000002 /* ContentView.swift */; };
		A10000000000000000000013 /* ExportOptions.swift in Sources */ = {isa = PBXBuildFile; fileRef = A10000000000000000000003 /* ExportOptions.swift */; };
		A10000000000000000000014 /* PDFConverter.swift in Sources */ = {isa = PBXBuildFile; fileRef = A10000000000000000000004 /* PDFConverter.swift */; };
		A10000000000000000000015 /* Assets.xcassets in Resources */ = {isa = PBXBuildFile; fileRef = A10000000000000000000006 /* Assets.xcassets */; };
		A10000000000000000000016 /* WindowConfigurator.swift in Sources */ = {isa = PBXBuildFile; fileRef = A10000000000000000000007 /* WindowConfigurator.swift */; };
		A10000000000000000000018 /* SDWebImageWebPCoder in Frameworks */ = {isa = PBXBuildFile; productRef = A10000000000000000000091 /* SDWebImageWebPCoder */; };
/* End PBXBuildFile section */

/* Begin PBXFileReference section */
		A10000000000000000000001 /* PDFUNKApp.swift */ = {isa = PBXFileReference; lastKnownFileType = sourcecode.swift; path = PDFUNKApp.swift; sourceTree = "<group>"; };
		A10000000000000000000002 /* ContentView.swift */ = {isa = PBXFileReference; lastKnownFileType = sourcecode.swift; path = ContentView.swift; sourceTree = "<group>"; };
		A10000000000000000000003 /* ExportOptions.swift */ = {isa = PBXFileReference; lastKnownFileType = sourcecode.swift; path = ExportOptions.swift; sourceTree = "<group>"; };
		A10000000000000000000004 /* PDFConverter.swift */ = {isa = PBXFileReference; lastKnownFileType = sourcecode.swift; path = PDFConverter.swift; sourceTree = "<group>"; };
		A10000000000000000000005 /* Sprouts.app */ = {isa = PBXFileReference; explicitFileType = wrapper.application; includeInIndex = 0; path = Sprouts.app; sourceTree = BUILT_PRODUCTS_DIR; };
		A10000000000000000000006 /* Assets.xcassets */ = {isa = PBXFileReference; lastKnownFileType = folder.assetcatalog; path = Resources/Assets.xcassets; sourceTree = SOURCE_ROOT; };
		A10000000000000000000007 /* WindowConfigurator.swift */ = {isa = PBXFileReference; lastKnownFileType = sourcecode.swift; path = WindowConfigurator.swift; sourceTree = "<group>"; };
		A10000000000000000000009 /* PDFUNK.entitlements */ = {isa = PBXFileReference; lastKnownFileType = text.plist.entitlements; path = Config/PDFUNK.entitlements; sourceTree = SOURCE_ROOT; };
/* End PBXFileReference section */

/* Begin PBXFrameworksBuildPhase section */
		A10000000000000000000021 /* Frameworks */ = {
			isa = PBXFrameworksBuildPhase;
			buildActionMask = 2147483647;
			files = (
				A10000000000000000000018 /* SDWebImageWebPCoder in Frameworks */,
			);
			runOnlyForDeploymentPostprocessing = 0;
		};
/* End PBXFrameworksBuildPhase section */

/* Begin PBXGroup section */
		A10000000000000000000030 = {
			isa = PBXGroup;
			children = (
				A10000000000000000000031 /* PDFUNK */,
				A10000000000000000000009 /* PDFUNK.entitlements */,
				A10000000000000000000006 /* Assets.xcassets */,
				A10000000000000000000032 /* Products */,
			);
			sourceTree = "<group>";
		};
		A10000000000000000000031 /* PDFUNK */ = {
			isa = PBXGroup;
			children = (
				A10000000000000000000001 /* PDFUNKApp.swift */,
				A10000000000000000000002 /* ContentView.swift */,
				A10000000000000000000003 /* ExportOptions.swift */,
				A10000000000000000000004 /* PDFConverter.swift */,
				A10000000000000000000007 /* WindowConfigurator.swift */,
			);
			path = Sources/PDFUNK;
			sourceTree = SOURCE_ROOT;
		};
		A10000000000000000000032 /* Products */ = {
			isa = PBXGroup;
			children = (
				A10000000000000000000005 /* Sprouts.app */,
			);
			name = Products;
			sourceTree = "<group>";
		};
/* End PBXGroup section */

/* Begin PBXNativeTarget section */
		A10000000000000000000040 /* PDFUNK */ = {
			isa = PBXNativeTarget;
			buildConfigurationList = A10000000000000000000061 /* Build configuration list for PBXNativeTarget "PDFUNK" */;
			buildPhases = (
				A10000000000000000000020 /* Sources */,
				A10000000000000000000021 /* Frameworks */,
				A10000000000000000000022 /* Resources */,
			);
			buildRules = ();
			dependencies = ();
			name = PDFUNK;
			packageProductDependencies = (
				A10000000000000000000091 /* SDWebImageWebPCoder */,
			);
			productName = Sprouts;
			productReference = A10000000000000000000005 /* Sprouts.app */;
			productType = "com.apple.product-type.application";
		};
/* End PBXNativeTarget section */

/* Begin PBXProject section */
		A10000000000000000000050 /* Project object */ = {
			isa = PBXProject;
			attributes = {
				BuildIndependentTargetsInParallel = 1;
				LastSwiftUpdateCheck = 1600;
				LastUpgradeCheck = 1600;
				TargetAttributes = {
					A10000000000000000000040 = { CreatedOnToolsVersion = 16.0; };
				};
			};
			buildConfigurationList = A10000000000000000000060 /* Build configuration list for PBXProject "PDFUNK" */;
			compatibilityVersion = "Xcode 14.0";
			developmentRegion = ja;
			hasScannedForEncodings = 0;
			knownRegions = (en, Base, ja);
			mainGroup = A10000000000000000000030;
			packageReferences = (
				A10000000000000000000090 /* XCRemoteSwiftPackageReference "SDWebImageWebPCoder" */,
			);
			productRefGroup = A10000000000000000000032 /* Products */;
			projectDirPath = "";
			projectRoot = "";
			targets = (A10000000000000000000040 /* PDFUNK */);
		};
/* End PBXProject section */

/* Begin PBXResourcesBuildPhase section */
		A10000000000000000000022 /* Resources */ = {
			isa = PBXResourcesBuildPhase;
			buildActionMask = 2147483647;
			files = (A10000000000000000000015 /* Assets.xcassets in Resources */);
			runOnlyForDeploymentPostprocessing = 0;
		};
/* End PBXResourcesBuildPhase section */

/* Begin PBXSourcesBuildPhase section */
		A10000000000000000000020 /* Sources */ = {
			isa = PBXSourcesBuildPhase;
			buildActionMask = 2147483647;
			files = (
				A10000000000000000000011 /* PDFUNKApp.swift in Sources */,
				A10000000000000000000012 /* ContentView.swift in Sources */,
				A10000000000000000000013 /* ExportOptions.swift in Sources */,
				A10000000000000000000014 /* PDFConverter.swift in Sources */,
				A10000000000000000000016 /* WindowConfigurator.swift in Sources */,
			);
			runOnlyForDeploymentPostprocessing = 0;
		};
/* End PBXSourcesBuildPhase section */

/* Begin XCBuildConfiguration section */
		A10000000000000000000070 /* Debug */ = {isa = XCBuildConfiguration; buildSettings = {
			CLANG_ENABLE_MODULES = YES;
			MACOSX_DEPLOYMENT_TARGET = 13.0;
			SDKROOT = macosx;
			SWIFT_VERSION = 5.0;
		}; name = Debug; };
		A10000000000000000000071 /* Release */ = {isa = XCBuildConfiguration; buildSettings = {
			CLANG_ENABLE_MODULES = YES;
			MACOSX_DEPLOYMENT_TARGET = 13.0;
			SDKROOT = macosx;
			SWIFT_COMPILATION_MODE = wholemodule;
			SWIFT_OPTIMIZATION_LEVEL = "-O";
			SWIFT_VERSION = 5.0;
		}; name = Release; };
		A10000000000000000000072 /* Debug */ = {isa = XCBuildConfiguration; buildSettings = {
			ASSETCATALOG_COMPILER_APPICON_NAME = AppIcon;
			ARCHS = "$(ARCHS_STANDARD)";
			CODE_SIGN_ENTITLEMENTS = Config/PDFUNK.entitlements;
			CODE_SIGN_IDENTITY = "Apple Development";
			CODE_SIGN_STYLE = Automatic;
			COMBINE_HIDPI_IMAGES = YES;
			CURRENT_PROJECT_VERSION = 1;
			DEVELOPMENT_TEAM = UYQNZULLNC;
			ENABLE_APP_SANDBOX = YES;
			ENABLE_HARDENED_RUNTIME = YES;
			ENABLE_PREVIEWS = YES;
			ENABLE_USER_SELECTED_FILES = readwrite;
			GENERATE_INFOPLIST_FILE = YES;
			INFOPLIST_KEY_CFBundleDevelopmentRegion = ja;
				INFOPLIST_KEY_CFBundleDisplayName = Sprouts;
			INFOPLIST_KEY_LSApplicationCategoryType = "public.app-category.graphics-design";
			MARKETING_VERSION = 1.0;
			ONLY_ACTIVE_ARCH = YES;
			PRODUCT_BUNDLE_IDENTIFIER = com.wentz.sprout;
				PRODUCT_NAME = Sprouts;
			SWIFT_EMIT_LOC_STRINGS = YES;
			SWIFT_VERSION = 5.0;
		}; name = Debug; };
		A10000000000000000000073 /* Release */ = {isa = XCBuildConfiguration; buildSettings = {
			ASSETCATALOG_COMPILER_APPICON_NAME = AppIcon;
			ARCHS = "$(ARCHS_STANDARD)";
			CODE_SIGN_ENTITLEMENTS = Config/PDFUNK.entitlements;
			CODE_SIGN_IDENTITY = "Developer ID Application";
			CODE_SIGN_INJECT_BASE_ENTITLEMENTS = NO;
			CODE_SIGN_STYLE = Manual;
			COMBINE_HIDPI_IMAGES = YES;
			CURRENT_PROJECT_VERSION = 1;
			DEVELOPMENT_TEAM = UYQNZULLNC;
			ENABLE_APP_SANDBOX = YES;
			ENABLE_HARDENED_RUNTIME = YES;
			ENABLE_USER_SELECTED_FILES = readwrite;
			GENERATE_INFOPLIST_FILE = YES;
			INFOPLIST_KEY_CFBundleDevelopmentRegion = ja;
				INFOPLIST_KEY_CFBundleDisplayName = Sprouts;
			INFOPLIST_KEY_LSApplicationCategoryType = "public.app-category.graphics-design";
			MARKETING_VERSION = 1.0;
			ONLY_ACTIVE_ARCH = NO;
			OTHER_CODE_SIGN_FLAGS = "--timestamp";
			PRODUCT_BUNDLE_IDENTIFIER = com.wentz.sprout;
				PRODUCT_NAME = Sprouts;
			SWIFT_EMIT_LOC_STRINGS = YES;
			SWIFT_VERSION = 5.0;
		}; name = Release; };
/* End XCBuildConfiguration section */

/* Begin XCConfigurationList section */
		A10000000000000000000060 /* Build configuration list for PBXProject "PDFUNK" */ = {
			isa = XCConfigurationList;
			buildConfigurations = (A10000000000000000000070 /* Debug */, A10000000000000000000071 /* Release */);
			defaultConfigurationIsVisible = 0;
			defaultConfigurationName = Release;
		};
		A10000000000000000000061 /* Build configuration list for PBXNativeTarget "PDFUNK" */ = {
			isa = XCConfigurationList;
			buildConfigurations = (A10000000000000000000072 /* Debug */, A10000000000000000000073 /* Release */);
			defaultConfigurationIsVisible = 0;
			defaultConfigurationName = Release;
		};
/* End XCConfigurationList section */

/* Begin XCRemoteSwiftPackageReference section */
		A10000000000000000000090 /* XCRemoteSwiftPackageReference "SDWebImageWebPCoder" */ = {
			isa = XCRemoteSwiftPackageReference;
			repositoryURL = "https://github.com/SDWebImage/SDWebImageWebPCoder.git";
			requirement = {
				kind = upToNextMajorVersion;
				minimumVersion = 0.15.0;
			};
		};
/* End XCRemoteSwiftPackageReference section */

/* Begin XCSwiftPackageProductDependency section */
		A10000000000000000000091 /* SDWebImageWebPCoder */ = {
			isa = XCSwiftPackageProductDependency;
			package = A10000000000000000000090 /* XCRemoteSwiftPackageReference "SDWebImageWebPCoder" */;
			productName = SDWebImageWebPCoder;
		};
/* End XCSwiftPackageProductDependency section */
	};
	rootObject = A10000000000000000000050 /* Project object */;
}
